# This file was autogenerated by uv via the following command:
#    uv pip compile backend/requirements.txt --output-file backend/requirements.lock
accelerate==1.14.0
    # via
    #   flagembedding
    #   peft
aiohappyeyeballs==2.7.1
    # via aiohttp
aiohttp==3.14.3
    # via
    #   aiohttp-retry
    #   datasets
    #   fsspec
    #   instructor
    #   langchain-community
    #   lightrag-hku
    #   litellm
    #   llama-index-core
    #   nemoguardrails
aiohttp-retry==2.9.1
    # via nemoguardrails
aiosignal==1.4.0
    # via aiohttp
aiosqlite==0.22.1
    # via
    #   -r backend/requirements.txt
    #   llama-index-core
alembic==1.19.1
    # via optuna
amqp==5.3.1
    # via kombu
annotated-doc==0.0.5
    # via
    #   fastapi
    #   typer
annotated-types==0.8.0
    # via pydantic
anyio==4.14.2
    # via
    #   asyncer
    #   dspy
    #   google-genai
    #   gradio
    #   httpx
    #   langsmith
    #   openai
    #   starlette
    #   watchfiles
apscheduler==3.11.3
    # via -r backend/requirements.txt
argon2-cffi==23.1.0
    # via
    #   -r backend/requirements.txt
    #   pwdlib
argon2-cffi-bindings==25.1.0
    # via argon2-cffi
ascii-colors==0.11.26
    # via pipmaster
asgiref==3.12.1
    # via opentelemetry-instrumentation-asgi
asyncer==0.0.8
    # via dspy
attrs==26.1.0
    # via
    #   aiohttp
    #   fuzzysearch
    #   jsonschema
    #   referencing
backoff==2.2.1
    # via dspy
banks==2.5.0
    # via llama-index-core
bc-detect-secrets==1.5.15
    # via llm-guard
bcrypt==5.0.0
    # via
    #   passlib
    #   pwdlib
beautifulsoup4==4.15.0
    # via
    #   -r backend/requirements.txt
    #   markdownify
    #   markitdown
billiard==4.2.4
    # via celery
bitarray==3.10.1
    # via colbert-ai
blinker==1.9.0
    # via flask
blis==1.3.3
    # via thinc
brotli==1.2.0
    # via
    #   gradio
    #   yt-dlp
cachetools==5.5.2
    # via
    #   -r backend/requirements.txt
    #   dspy
    #   gptcache
catalogue==2.0.10
    # via
    #   spacy
    #   srsly
    #   thinc
celery==5.6.3
    # via -r backend/requirements.txt
certifi==2026.7.22
    # via
    #   httpcore
    #   httpx
    #   requests
    #   yt-dlp
cffi==2.1.1
    # via
    #   argon2-cffi-bindings
    #   cryptography
charset-normalizer==3.5.0
    # via
    #   markitdown
    #   requests
click==8.4.2
    # via
    #   celery
    #   click-didyoumean
    #   click-plugins
    #   click-repl
    #   flask
    #   litellm
    #   magika
    #   nltk
    #   spacy
    #   uvicorn
click-didyoumean==0.3.1
    # via celery
click-plugins==1.1.1.2
    # via celery
click-repl==0.3.0
    # via celery
cloudpathlib==0.24.0
    # via weasel
cloudpickle==3.1.2
    # via dspy
colbert-ai==0.2.22
    # via ragatouille
colorama==0.4.6
    # via griffecli
colorlog==6.12.0
    # via optuna
confection==1.3.3
    # via
    #   spacy
    #   thinc
    #   weasel
configparser==7.2.0
    # via lightrag-hku
cryptography==49.0.0
    # via
    #   -r backend/requirements.txt
    #   google-auth
    #   pyjwt
cymem==2.0.13
    # via
    #   preshed
    #   spacy
    #   thinc
dataclasses-json==0.6.7
    # via
    #   langchain-community
    #   llama-index-core
    #   nemoguardrails
datasets==2.19.2
    # via
    #   colbert-ai
    #   dspy
    #   flagembedding
defusedxml==0.7.1
    # via
    #   -r backend/requirements.txt
    #   markitdown
    #   nltk
    #   youtube-transcript-api
deprecated==1.3.1
    # via
    #   banks
    #   limits
    #   llama-index-core
    #   llama-index-instrumentation
deprecation==2.1.0
    # via
    #   postgrest
    #   storage3
dill==0.3.8
    # via
    #   datasets
    #   multiprocess
dirtyjson==1.0.8
    # via llama-index-core
diskcache==5.6.3
    # via dspy
distro==1.9.0
    # via
    #   google-genai
    #   langsmith
    #   openai
dnspython==2.8.0
    # via email-validator
docstring-parser==0.18.0
    # via instructor
dspy==2.6.13
    # via dspy-ai
dspy-ai==2.6.27
    # via -r backend/requirements.txt
email-validator==2.3.0
    # via fastapi-users
faiss-cpu==1.15.0
    # via ragatouille
faker==27.4.0
    # via llm-guard
fast-pytorch-kmeans==0.2.2
    # via ragatouille
fastapi==0.141.1
    # via
    #   -r backend/requirements.txt
    #   fastapi-users
    #   gradio
fastapi-users==15.0.5
    # via
    #   -r backend/requirements.txt
    #   fastapi-users-db-sqlalchemy
fastapi-users-db-sqlalchemy==7.0.0
    # via fastapi-users
fastembed==0.8.0
    # via nemoguardrails
fastuuid==0.14.0
    # via litellm
filelock==3.32.2
    # via
    #   datasets
    #   huggingface-hub
    #   tldextract
    #   torch
    #   transformers
filetype==1.2.0
    # via
    #   banks
    #   llama-index-core
flagembedding==1.4.0
    # via -r backend/requirements.txt
flashrank==0.2.10
    # via -r backend/requirements.txt
flask==3.1.3
    # via colbert-ai
flatbuffers==25.12.19
    # via onnxruntime
frozenlist==1.8.0
    # via
    #   aiohttp
    #   aiosignal
fsspec==2024.3.1
    # via
    #   datasets
    #   gradio-client
    #   huggingface-hub
    #   llama-index-core
    #   torch
ftfy==6.3.1
    # via wordfreq
fuzzysearch==0.8.1
    # via llm-guard
gitdb==4.0.12
    # via gitpython
gitpython==3.1.59
    # via colbert-ai
google-api-core==2.34.0
    # via lightrag-hku
google-auth==2.56.3
    # via
    #   google-api-core
    #   google-genai
google-genai==2.17.0
    # via lightrag-hku
googleapis-common-protos==1.75.1
    # via
    #   google-api-core
    #   opentelemetry-exporter-otlp-proto-grpc
    #   opentelemetry-exporter-otlp-proto-http
gptcache==0.1.44
    # via -r backend/requirements.txt
gradio==6.17.3
    # via -r backend/requirements.txt
gradio-client==2.5.0
    # via
    #   gradio
    #   hf-gradio
greenlet==3.5.5
    # via
    #   playwright
    #   sqlalchemy
griffe==2.1.0
    # via banks
griffecli==2.1.0
    # via griffe
griffelib==2.1.0
    # via
    #   griffe
    #   griffecli
groovy==0.1.2
    # via gradio
grpcio==1.83.0
    # via
    #   opentelemetry-exporter-otlp-proto-grpc
    #   qdrant-client
gunicorn==26.0.0
    # via -r backend/requirements.txt
h11==0.16.0
    # via
    #   httpcore
    #   uvicorn
h2==4.4.1
    # via httpx
hf-gradio==0.4.1
    # via gradio
hf-xet==1.6.0
    # via huggingface-hub
hpack==4.2.0
    # via h2
httpcore==1.0.9
    # via httpx
httptools==0.8.0
    # via uvicorn
httpx==0.28.1
    # via
    #   -r backend/requirements.txt
    #   google-genai
    #   gradio
    #   gradio-client
    #   langgraph-sdk
    #   langsmith
    #   litellm
    #   llama-index-core
    #   nemoguardrails
    #   ollama
    #   openai
    #   postgrest
    #   qdrant-client
    #   safehttpx
    #   sarvamai
    #   storage3
    #   supabase
    #   supabase-auth
    #   supabase-functions
    #   weasel
httpx-sse==0.4.3
    # via langchain-community
huggingface-hub==0.36.2
    # via
    #   accelerate
    #   datasets
    #   fastembed
    #   gradio
    #   gradio-client
    #   peft
    #   sentence-transformers
    #   tokenizers
    #   transformers
hyperframe==6.1.0
    # via h2
idna==3.18
    # via
    #   anyio
    #   email-validator
    #   httpx
    #   requests
    #   tldextract
    #   yarl
importlib-metadata==9.0.0
    # via litellm
iniconfig==2.3.0
    # via pytest
instructor==1.15.4
    # via -r backend/requirements.txt
ir-datasets==0.6.3
    # via flagembedding
itsdangerous==2.2.0
    # via flask
jellyfish==1.2.1
    # via -r backend/requirements.txt
jinja2==3.1.6
    # via
    #   banks
    #   flask
    #   gradio
    #   instructor
    #   litellm
    #   nemoguardrails
    #   spacy
    #   torch
jiter==0.14.0
    # via
    #   instructor
    #   openai
joblib==1.5.3
    # via
    #   dspy
    #   nltk
    #   pynndescent
    #   scikit-learn
json-repair==0.28.4
    # via
    #   -r backend/requirements.txt
    #   dspy
    #   lightrag-hku
    #   llm-guard
jsonpatch==1.33
    # via langchain-core
jsonpointer==3.1.1
    # via jsonpatch
jsonschema==4.26.0
    # via
    #   litellm
    #   nemoguardrails
jsonschema-specifications==2025.9.1
    # via jsonschema
kombu==5.6.2
    # via celery
langchain==0.3.30
    # via
    #   -r backend/requirements.txt
    #   langchain-community
    #   ragatouille
langchain-community==0.3.31
    # via -r backend/requirements.txt
langchain-core==0.3.86
    # via
    #   -r backend/requirements.txt
    #   langchain
    #   langchain-community
    #   langchain-ollama
    #   langchain-sarvam
    #   langchain-text-splitters
    #   langgraph
    #   langgraph-checkpoint
    #   langgraph-prebuilt
    #   ragatouille
langchain-ollama==0.3.10
    # via -r backend/requirements.txt
langchain-sarvam==0.1.2
    # via -r backend/requirements.txt
langchain-text-splitters==0.3.11
    # via
    #   -r backend/requirements.txt
    #   langchain
langcodes==3.5.1
    # via wordfreq
langdetect==1.0.9
    # via -r backend/requirements.txt
langgraph==0.5.4
    # via -r backend/requirements.txt
langgraph-checkpoint==2.1.2
    # via
    #   -r backend/requirements.txt
    #   langgraph
    #   langgraph-prebuilt
langgraph-prebuilt==0.5.2
    # via langgraph
langgraph-sdk==0.1.74
    # via
    #   -r backend/requirements.txt
    #   langgraph
langsmith==0.10.18
    # via
    #   langchain
    #   langchain-community
    #   langchain-core
lark==1.3.1
    # via nemoguardrails
lightrag-hku==1.5.4
    # via -r backend/requirements.txt
limits==5.8.0
    # via slowapi
litellm==1.83.0
    # via
    #   -r backend/requirements.txt
    #   dspy
llama-index==0.14.23
    # via ragatouille
llama-index-core==0.14.23
    # via
    #   llama-index
    #   llama-index-embeddings-openai
    #   llama-index-llms-openai
llama-index-embeddings-openai==0.6.0
    # via llama-index
llama-index-instrumentation==0.5.0
    # via llama-index-workflows
llama-index-llms-openai==0.7.10
    # via llama-index
llama-index-workflows==2.23.0
    # via llama-index-core
llm-guard==0.3.15
    # via -r backend/requirements.txt
llvmlite==0.49.0
    # via
    #   numba
    #   pynndescent
locate==1.1.1
    # via wordfreq
loguru==0.7.3
    # via fastembed
lxml==6.1.1
    # via ir-datasets
lz4==4.4.5
    # via ir-datasets
magicattr==0.1.6
    # via dspy
magika==0.6.3
    # via markitdown
makefun==1.16.0
    # via fastapi-users
mako==1.4.1
    # via alembic
markdown-it-py==4.2.0
    # via rich
markdownify==1.2.3
    # via markitdown
markitdown==0.1.7
    # via -r backend/requirements.txt
markupsafe==3.0.3
    # via
    #   flask
    #   gradio
    #   jinja2
    #   mako
    #   werkzeug
marshmallow==3.26.2
    # via dataclasses-json
mdurl==0.1.2
    # via markdown-it-py
ml-dtypes==0.5.4
    # via onnx
mmh3==5.2.1
    # via fastembed
mpmath==1.3.0
    # via sympy
msgpack==1.2.1
    # via wordfreq
multidict==6.7.1
    # via
    #   aiohttp
    #   yarl
multiprocess==0.70.16
    # via datasets
murmurhash==1.0.15
    # via
    #   preshed
    #   spacy
    #   thinc
mutagen==1.48.1
    # via yt-dlp
mypy-extensions==1.1.0
    # via typing-inspect
nano-vectordb==0.0.4.3
    # via lightrag-hku
narwhals==2.24.0
    # via scikit-learn
nemoguardrails==0.23.0
    # via -r backend/requirements.txt
neo4j==6.2.0
    # via -r backend/requirements.txt
nest-asyncio==1.6.0
    # via
    #   llama-index-core
    #   nemoguardrails
networkx==3.6.1
    # via
    #   lightrag-hku
    #   llama-index-core
    #   torch
ninja==1.13.0
    # via colbert-ai
nltk==3.10.2
    # via
    #   llama-index
    #   llama-index-core
    #   llm-guard
numba==0.67.0
    # via
    #   -r backend/requirements.txt
    #   pynndescent
numpy==1.26.4
    # via
    #   -r backend/requirements.txt
    #   accelerate
    #   blis
    #   datasets
    #   faiss-cpu
    #   fast-pytorch-kmeans
    #   fastembed
    #   flashrank
    #   gptcache
    #   gradio
    #   ir-datasets
    #   langchain-community
    #   lightrag-hku
    #   llama-index-core
    #   magika
    #   ml-dtypes
    #   nano-vectordb
    #   numba
    #   oldest-supported-numpy
    #   onnx
    #   onnxruntime
    #   optuna
    #   pandas
    #   peft
    #   pyarrow
    #   qdrant-client
    #   scikit-learn
    #   scipy
    #   spacy
    #   thinc
    #   transformers
    #   turbovec
    #   voyager
oldest-supported-numpy==2023.8.3
    # via llm-guard
ollama==0.6.2
    # via langchain-ollama
onnx==1.22.0
    # via ragatouille
onnxruntime==1.28.0
    # via
    #   fastembed
    #   flashrank
    #   magika
    #   nemoguardrails
openai==2.54.0
    # via
    #   dspy
    #   instructor
    #   litellm
    #   llama-index-embeddings-openai
    #   llama-index-llms-openai
openinference-instrumentation==0.1.57
    # via openinference-instrumentation-langchain
openinference-instrumentation-langchain==0.1.70
    # via -r backend/requirements.txt
openinference-semantic-conventions==0.1.32
    # via
    #   openinference-instrumentation
    #   openinference-instrumentation-langchain
opentelemetry-api==1.44.0
    # via
    #   openinference-instrumentation
    #   openinference-instrumentation-langchain
    #   opentelemetry-exporter-otlp-proto-grpc
    #   opentelemetry-exporter-otlp-proto-http
    #   opentelemetry-instrumentation
    #   opentelemetry-instrumentation-asgi
    #   opentelemetry-instrumentation-fastapi
    #   opentelemetry-sdk
    #   opentelemetry-semantic-conventions
opentelemetry-exporter-otlp==1.44.0
    # via -r backend/requirements.txt
opentelemetry-exporter-otlp-proto-common==1.44.0
    # via
    #   opentelemetry-exporter-otlp-proto-grpc
    #   opentelemetry-exporter-otlp-proto-http
opentelemetry-exporter-otlp-proto-grpc==1.44.0
    # via opentelemetry-exporter-otlp
opentelemetry-exporter-otlp-proto-http==1.44.0
    # via opentelemetry-exporter-otlp
opentelemetry-instrumentation==0.65b0
    # via
    #   openinference-instrumentation-langchain
    #   opentelemetry-instrumentation-asgi
    #   opentelemetry-instrumentation-fastapi
opentelemetry-instrumentation-asgi==0.65b0
    # via opentelemetry-instrumentation-fastapi
opentelemetry-instrumentation-fastapi==0.65b0
    # via -r backend/requirements.txt
opentelemetry-proto==1.44.0
    # via
    #   opentelemetry-exporter-otlp-proto-common
    #   opentelemetry-exporter-otlp-proto-grpc
    #   opentelemetry-exporter-otlp-proto-http
opentelemetry-sdk==1.44.0
    # via
    #   -r backend/requirements.txt
    #   openinference-instrumentation
    #   opentelemetry-exporter-otlp-proto-grpc
    #   opentelemetry-exporter-otlp-proto-http
opentelemetry-semantic-conventions==0.65b0
    # via
    #   openinference-instrumentation-langchain
    #   opentelemetry-instrumentation
    #   opentelemetry-instrumentation-asgi
    #   opentelemetry-instrumentation-fastapi
    #   opentelemetry-sdk
opentelemetry-util-http==0.65b0
    # via
    #   opentelemetry-instrumentation-asgi
    #   opentelemetry-instrumentation-fastapi
optuna==4.9.0
    # via dspy
orjson==3.11.9
    # via
    #   gradio
    #   langgraph-sdk
    #   langsmith
ormsgpack==1.12.2
    # via langgraph-checkpoint
packaging==25.0
    # via
    #   accelerate
    #   datasets
    #   deprecation
    #   faiss-cpu
    #   gradio
    #   gradio-client
    #   gunicorn
    #   huggingface-hub
    #   kombu
    #   langchain-core
    #   langsmith
    #   lightrag-hku
    #   limits
    #   marshmallow
    #   onnxruntime
    #   opentelemetry-instrumentation
    #   optuna
    #   peft
    #   pipmaster
    #   pytest
    #   spacy
    #   thinc
    #   transformers
    #   weasel
pandas==2.3.3
    # via
    #   datasets
    #   dspy
    #   gradio
    #   lightrag-hku
    #   nemoguardrails
passlib==1.7.4
    # via -r backend/requirements.txt
peft==0.14.0
    # via
    #   -r backend/requirements.txt
    #   flagembedding
phonenumbers==8.13.55
    # via presidio-analyzer
pillow==12.3.0
    # via
    #   -r backend/requirements.txt
    #   fastembed
    #   gradio
    #   llama-index-core
    #   sentence-transformers
pipmaster==1.1.13
    # via lightrag-hku
platformdirs==4.11.2
    # via
    #   banks
    #   llama-index-core
playwright==1.62.0
    # via -r backend/requirements.txt
pluggy==1.6.0
    # via pytest
portalocker==3.2.0
    # via qdrant-client
postgrest==2.31.0
    # via supabase
preshed==3.0.13
    # via
    #   spacy
    #   thinc
presidio-analyzer==2.2.354
    # via llm-guard
presidio-anonymizer==2.2.354
    # via llm-guard
prometheus-client==0.26.0
    # via -r backend/requirements.txt
prompt-toolkit==3.0.53
    # via
    #   click-repl
    #   nemoguardrails
propcache==0.5.2
    # via
    #   aiohttp
    #   yarl
proto-plus==1.28.3
    # via google-api-core
protobuf==7.35.1
    # via
    #   flagembedding
    #   google-api-core
    #   googleapis-common-protos
    #   nemoguardrails
    #   onnx
    #   onnxruntime
    #   opentelemetry-proto
    #   proto-plus
    #   qdrant-client
psutil==7.2.2
    # via
    #   accelerate
    #   peft
pwdlib==0.3.0
    # via fastapi-users
py-rust-stemmers==0.1.8
    # via fastembed
pyarrow==14.0.2
    # via
    #   -r backend/requirements.txt
    #   datasets
pyarrow-hotfix==0.7
    # via datasets
pyasn1==0.6.4
    # via pyasn1-modules
pyasn1-modules==0.4.2
    # via google-auth
pycparser==3.0
    # via cffi
pycryptodome==3.23.0
    # via presidio-anonymizer
pycryptodomex==3.23.0
    # via yt-dlp
pydantic==2.13.4
    # via
    #   -r backend/requirements.txt
    #   banks
    #   dspy
    #   fastapi
    #   google-genai
    #   gradio
    #   instructor
    #   langchain
    #   langchain-core
    #   langchain-sarvam
    #   langgraph
    #   langsmith
    #   lightrag-hku
    #   litellm
    #   llama-index-core
    #   llama-index-instrumentation
    #   llama-index-workflows
    #   nemoguardrails
    #   ollama
    #   openai
    #   postgrest
    #   pydantic-settings
    #   qdrant-client
    #   realtime
    #   sarvamai
    #   spacy
    #   storage3
    #   supabase-auth
    #   thinc
    #   weasel
pydantic-core==2.46.4
    # via
    #   instructor
    #   pydantic
    #   sarvamai
pydantic-settings==2.15.0
    # via
    #   -r backend/requirements.txt
    #   langchain-community
pydub==0.25.1
    # via gradio
pyee==13.0.1
    # via playwright
pygments==2.20.0
    # via
    #   pytest
    #   rich
pyjwt==2.13.0
    # via
    #   fastapi-users
    #   supabase-auth
pynndescent==0.6.0
    # via -r backend/requirements.txt
pypdf==6.15.0
    # via -r backend/requirements.txt
pypinyin==0.55.0
    # via
    #   -r backend/requirements.txt
    #   lightrag-hku
pytest==8.4.2
    # via
    #   -r backend/requirements.txt
    #   pytest-asyncio
pytest-asyncio==0.26.0
    # via -r backend/requirements.txt
python-dateutil==2.9.0.post0
    # via
    #   celery
    #   faker
    #   pandas
python-dotenv==1.2.2
    # via
    #   -r backend/requirements.txt
    #   colbert-ai
    #   lightrag-hku
    #   litellm
    #   magika
    #   pydantic-settings
    #   uvicorn
python-multipart==0.0.32
    # via
    #   fastapi-users
    #   gradio
pytz==2026.3.post1
    # via
    #   gradio
    #   neo4j
    #   pandas
pyyaml==6.0.3
    # via
    #   -r backend/requirements.txt
    #   accelerate
    #   bc-detect-secrets
    #   datasets
    #   gradio
    #   huggingface-hub
    #   ir-datasets
    #   langchain
    #   langchain-community
    #   langchain-core
    #   lightrag-hku
    #   llama-index-core
    #   nemoguardrails
    #   optuna
    #   peft
    #   presidio-analyzer
    #   transformers
    #   uvicorn
qdrant-client==1.19.0
    # via -r backend/requirements.txt
ragatouille==0.0.9.post2
    # via -r backend/requirements.txt
rapidfuzz==3.14.5
    # via -r backend/requirements.txt
realtime==2.31.0
    # via supabase
redis==7.4.1
    # via -r backend/requirements.txt
referencing==0.37.0
    # via
    #   jsonschema
    #   jsonschema-specifications
regex==2024.7.24
    # via
    #   dspy
    #   llm-guard
    #   nltk
    #   presidio-analyzer
    #   tiktoken
    #   transformers
    #   wordfreq
requests==2.34.2
    # via
    #   -r backend/requirements.txt
    #   bc-detect-secrets
    #   datasets
    #   dspy
    #   fastembed
    #   flashrank
    #   google-api-core
    #   google-auth
    #   google-genai
    #   gptcache
    #   huggingface-hub
    #   instructor
    #   ir-datasets
    #   langchain
    #   langchain-community
    #   langsmith
    #   llama-index-core
    #   markitdown
    #   opentelemetry-exporter-otlp-proto-http
    #   requests-file
    #   requests-toolbelt
    #   spacy
    #   tiktoken
    #   tldextract
    #   transformers
    #   youtube-transcript-api
    #   yt-dlp
requests-file==3.0.1
    # via tldextract
requests-toolbelt==1.0.0
    # via langsmith
rich==14.3.4
    # via
    #   instructor
    #   nemoguardrails
    #   typer
rpds-py==2026.6.3
    # via
    #   jsonschema
    #   referencing
safehttpx==0.1.7
    # via gradio
safetensors==0.8.0
    # via
    #   accelerate
    #   peft
    #   transformers
sarvamai==0.1.30
    # via
    #   -r backend/requirements.txt
    #   langchain-sarvam
scikit-learn==1.9.0
    # via
    #   -r backend/requirements.txt
    #   pynndescent
    #   sentence-transformers
scipy==1.17.1
    # via
    #   colbert-ai
    #   pynndescent
    #   scikit-learn
    #   sentence-transformers
semantic-version==2.10.0
    # via gradio
sentence-transformers==3.4.1
    # via
    #   -r backend/requirements.txt
    #   flagembedding
    #   ragatouille
sentencepiece==0.2.2
    # via flagembedding
setuptools==84.0.0
    # via
    #   lightrag-hku
    #   llama-index-core
    #   spacy
    #   thinc
    #   torch
shellingham==1.5.4
    # via typer
simpleeval==1.0.7
    # via nemoguardrails
six==1.17.0
    # via
    #   langdetect
    #   markdownify
    #   python-dateutil
slowapi==0.1.10
    # via -r backend/requirements.txt
smart-open==8.0.1
    # via weasel
smmap==5.0.3
    # via gitdb
sniffio==1.3.1
    # via
    #   google-genai
    #   langsmith
    #   openai
soupsieve==2.9.2
    # via beautifulsoup4
spacy==3.8.15
    # via presidio-analyzer
spacy-legacy==3.0.12
    # via spacy
spacy-loggers==1.0.5
    # via spacy
sqlalchemy==2.0.52
    # via
    #   alembic
    #   fastapi-users-db-sqlalchemy
    #   langchain
    #   langchain-community
    #   llama-index-core
    #   optuna
srsly==2.5.3
    # via
    #   ragatouille
    #   spacy
    #   thinc
    #   weasel
starlette==1.6.0
    # via
    #   -r backend/requirements.txt
    #   fastapi
    #   gradio
storage3==2.31.0
    # via supabase
strenum==0.4.15
    # via supabase-functions
structlog==26.1.0
    # via llm-guard
supabase==2.31.0
    # via -r backend/requirements.txt
supabase-auth==2.31.0
    # via supabase
supabase-functions==2.31.0
    # via supabase
sympy==1.14.0
    # via torch
tenacity==9.1.4
    # via
    #   dspy
    #   google-genai
    #   instructor
    #   langchain-community
    #   langchain-core
    #   lightrag-hku
    #   llama-index-core
thinc==8.3.13
    # via spacy
threadpoolctl==3.6.0
    # via scikit-learn
tiktoken==0.7.0
    # via
    #   lightrag-hku
    #   litellm
    #   llama-index-core
    #   llm-guard
tinytag==2.3.0
    # via llama-index-core
tldextract==5.3.2
    # via presidio-analyzer
tokenizers==0.22.2
    # via
    #   fastembed
    #   flashrank
    #   litellm
    #   transformers
tomlkit==0.14.0
    # via gradio
torch==2.13.0
    # via
    #   accelerate
    #   fast-pytorch-kmeans
    #   flagembedding
    #   llm-guard
    #   peft
    #   ragatouille
    #   sentence-transformers
tqdm==4.70.0
    # via
    #   colbert-ai
    #   datasets
    #   dspy
    #   fastembed
    #   flashrank
    #   huggingface-hub
    #   ir-datasets
    #   llama-index-core
    #   nltk
    #   openai
    #   optuna
    #   peft
    #   sentence-transformers
    #   spacy
    #   transformers
transformers==4.57.6
    # via
    #   -r backend/requirements.txt
    #   colbert-ai
    #   flagembedding
    #   llm-guard
    #   peft
    #   sentence-transformers
turbovec==0.8.0
    # via -r backend/requirements.txt
typer==0.27.1
    # via
    #   gradio
    #   hf-gradio
    #   instructor
    #   nemoguardrails
    #   spacy
    #   weasel
typing-extensions==4.16.0
    # via
    #   aiohttp
    #   aiosignal
    #   alembic
    #   anyio
    #   beautifulsoup4
    #   fastapi
    #   google-genai
    #   gradio
    #   gradio-client
    #   grpcio
    #   huggingface-hub
    #   langchain-core
    #   langsmith
    #   limits
    #   llama-index-core
    #   llama-index-workflows
    #   onnx
    #   openai
    #   opentelemetry-api
    #   opentelemetry-exporter-otlp-proto-grpc
    #   opentelemetry-exporter-otlp-proto-http
    #   opentelemetry-sdk
    #   opentelemetry-semantic-conventions
    #   pydantic
    #   pydantic-core
    #   pyee
    #   realtime
    #   referencing
    #   sarvamai
    #   sqlalchemy
    #   starlette
    #   torch
    #   typing-inspect
    #   typing-inspection
typing-inspect==0.9.0
    # via
    #   dataclasses-json
    #   llama-index-core
typing-inspection==0.4.4
    # via
    #   fastapi
    #   pydantic
    #   pydantic-settings
tzdata==2026.3
    # via
    #   kombu
    #   pandas
tzlocal==5.4.4
    # via
    #   apscheduler
    #   celery
ujson==5.13.0
    # via
    #   colbert-ai
    #   dspy
unidiff==1.0.0
    # via bc-detect-secrets
urllib3==2.7.0
    # via
    #   qdrant-client
    #   requests
    #   yt-dlp
uuid-utils==0.17.0
    # via
    #   langchain-core
    #   langsmith
uvicorn==0.52.1
    # via
    #   -r backend/requirements.txt
    #   gradio
uvloop==0.22.1
    # via uvicorn
vine==5.1.0
    # via
    #   amqp
    #   celery
    #   kombu
voyager==2.1.0
    # via ragatouille
wasabi==1.1.3
    # via
    #   spacy
    #   thinc
    #   weasel
watchfiles==1.2.0
    # via uvicorn
wcwidth==0.8.2
    # via
    #   ascii-colors
    #   ftfy
    #   prompt-toolkit
weasel==1.0.0
    # via spacy
websockets==15.0.1
    # via
    #   google-genai
    #   langsmith
    #   realtime
    #   sarvamai
    #   uvicorn
    #   yt-dlp
werkzeug==3.1.8
    # via flask
wordfreq==3.1.1
    # via -r backend/requirements.txt
wrapt==2.3.0
    # via
    #   deprecated
    #   llama-index-core
    #   openinference-instrumentation
    #   openinference-instrumentation-langchain
    #   opentelemetry-instrumentation
    #   smart-open
xlsxwriter==3.2.9
    # via
    #   -r backend/requirements.txt
    #   lightrag-hku
xxhash==4.0.0
    # via
    #   datasets
    #   langgraph
    #   langsmith
yarl==1.24.5
    # via
    #   aiohttp
    #   postgrest
    #   storage3
    #   supabase
    #   supabase-functions
youtube-transcript-api==1.2.4
    # via -r backend/requirements.txt
yt-dlp==2026.7.4
    # via -r backend/requirements.txt
yt-dlp-ejs==0.8.0
    # via yt-dlp
zipp==4.1.0
    # via importlib-metadata
zstandard==0.25.0
    # via langsmith
