# This file was autogenerated by uv via the following command:
#    uv pip compile requirements.txt -o /tmp/test_requirements.lock
accelerate==1.15.0
    # via
    #   flagembedding
    #   peft
aiohappyeyeballs==2.7.1
    # via aiohttp
aiohttp==3.14.3
    # via
    #   fsspec
    #   instructor
    #   langchain-community
    #   lightrag-hku
    #   litellm
aiosignal==1.4.0
    # via aiohttp
aiosqlite==0.22.1
    # via -r requirements.txt
amqp==5.4.0
    # via kombu
annotated-doc==0.0.5
    # via
    #   fastapi
    #   typer
annotated-types==0.8.0
    # via pydantic
anyio==4.15.1
    # via
    #   dspy
    #   google-genai
    #   httpx
    #   httpx2
    #   langsmith
    #   openai
    #   starlette
    #   watchfiles
apscheduler==3.11.3
    # via -r requirements.txt
argon2-cffi==23.1.0
    # via
    #   -r requirements.txt
    #   pwdlib
argon2-cffi-bindings==26.1.0
    # via argon2-cffi
ascii-colors==0.12.3
    # via pipmaster
asgiref==3.12.1
    # via opentelemetry-instrumentation-asgi
attrs==26.1.0
    # via
    #   aiohttp
    #   jsonschema
    #   referencing
bcrypt==5.0.0
    # via pwdlib
beautifulsoup4==4.15.0
    # via
    #   -r requirements.txt
    #   markdownify
    #   markitdown
billiard==4.3.0
    # via celery
brotli==1.2.0
    # via yt-dlp
cachetools==5.5.2
    # via
    #   -r requirements.txt
    #   dspy
    #   gptcache
celery==5.6.3
    # via -r requirements.txt
certifi==2026.7.22
    # via
    #   httpcore
    #   httpx
    #   requests
    #   yt-dlp
cffi==2.1.1
    # via
    #   argon2-cffi-bindings
    #   cryptography
charset-normalizer==3.5.2
    # via
    #   markitdown
    #   requests
click==8.5.0
    # via
    #   celery
    #   click-didyoumean
    #   click-plugins
    #   click-repl
    #   instructor
    #   litellm
    #   magika
    #   uvicorn
click-didyoumean==0.3.1
    # via celery
click-plugins==1.1.1.2
    # via celery
click-repl==0.4.0
    # via celery
cloudpickle==3.1.2
    # via
    #   dspy
    #   joblib
configparser==7.2.0
    # via lightrag-hku
cryptography==50.0.2
    # via
    #   -r requirements.txt
    #   google-auth
    #   pyjwt
dataclasses-json==0.6.7
    # via langchain-community
datasets==5.0.1
    # via flagembedding
defusedxml==0.7.1
    # via
    #   -r requirements.txt
    #   markitdown
    #   youtube-transcript-api
deprecated==3.0.0
    # via limits
deprecation==2.1.0
    # via
    #   postgrest
    #   storage3
dill==0.4.1
    # via
    #   datasets
    #   multiprocess
diskcache==5.6.3
    # via dspy
distro==1.9.0
    # via
    #   google-genai
    #   langsmith
    #   openai
dnspython==2.8.0
    # via email-validator
docstring-parser==0.18.0
    # via instructor
dspy==3.4.0
    # via dspy-ai
dspy-ai==3.2.1
    # via -r requirements.txt
easydict==1.13
    # via rag-fact-checker
easyocr==1.7.2
    # via -r requirements.txt
email-validator==2.3.0
    # via fastapi-users
fastapi==0.142.2
    # via
    #   -r requirements.txt
    #   fastapi-users
fastapi-users==15.0.5
    # via
    #   -r requirements.txt
    #   fastapi-users-db-sqlalchemy
fastapi-users-db-sqlalchemy==7.0.0
    # via fastapi-users
fastuuid==0.14.0
    # via litellm
filelock==4.0.9
    # via
    #   datasets
    #   huggingface-hub
    #   torch
    #   transformers
flagembedding==1.4.0
    # via -r requirements.txt
flashrank==0.2.10
    # via -r requirements.txt
flatbuffers==25.12.19
    # via onnxruntime
frozenlist==1.8.0
    # via
    #   aiohttp
    #   aiosignal
fsspec==2026.6.0
    # via
    #   datasets
    #   huggingface-hub
    #   torch
ftfy==6.3.1
    # via wordfreq
gepa==0.1.4
    # via dspy
google-api-core==2.40.0
    # via lightrag-hku
google-auth==2.59.1
    # via
    #   google-api-core
    #   google-genai
google-genai==2.28.0
    # via lightrag-hku
googleapis-common-protos==1.75.5
    # via
    #   google-api-core
    #   opentelemetry-exporter-otlp-proto-grpc
    #   opentelemetry-exporter-otlp-proto-http
gptcache==0.1.44
    # via -r requirements.txt
greenlet==3.5.6
    # via sqlalchemy
grpcio==1.84.0
    # via
    #   opentelemetry-exporter-otlp-proto-grpc
    #   qdrant-client
gunicorn==26.2.0
    # via -r requirements.txt
h11==0.16.0
    # via
    #   httpcore
    #   httpcore2
    #   uvicorn
h2==4.4.1
    # via httpx
hf-xet==1.6.0
    # via huggingface-hub
hpack==4.2.0
    # via h2
httpcore==1.0.9
    # via httpx
httpcore2==2.13.1
    # via httpx2
httptools==0.8.0
    # via uvicorn
httpx==0.28.1
    # via
    #   -r requirements.txt
    #   datasets
    #   google-genai
    #   langchain-core
    #   langgraph-sdk
    #   litellm
    #   ollama
    #   postgrest
    #   qdrant-client
    #   storage3
    #   supabase
    #   supabase-auth
    #   supabase-functions
httpx-sse==0.4.3
    # via langchain-community
httpx2==2.13.1
    # via
    #   langsmith
    #   openai
huggingface-hub==0.36.2
    # via
    #   accelerate
    #   datasets
    #   peft
    #   sentence-transformers
    #   tokenizers
    #   transformers
hyperframe==6.1.0
    # via h2
idna==3.20
    # via
    #   anyio
    #   email-validator
    #   httpx
    #   httpx2
    #   instructor
    #   requests
    #   yarl
imageio==2.38.0
    # via scikit-image
importlib-metadata==9.0.1
    # via litellm
iniconfig==2.3.0
    # via pytest
instructor==1.17.0
    # via -r requirements.txt
ir-datasets==0.6.3
    # via flagembedding
jellyfish==1.2.1
    # via -r requirements.txt
jinja2==3.1.6
    # via
    #   instructor
    #   litellm
    #   torch
jiter==0.14.0
    # via
    #   instructor
    #   openai
joblib==1.6.0
    # via scikit-learn
json-repair==0.63.5
    # via
    #   -r requirements.txt
    #   dspy
    #   lightrag-hku
jsonpatch==1.33
    # via langchain-core
jsonpointer==3.1.1
    # via jsonpatch
jsonschema==4.26.0
    # via litellm
jsonschema-specifications==2025.9.1
    # via jsonschema
kombu==5.6.2
    # via celery
langchain==1.4.3
    # via
    #   -r requirements.txt
    #   langchain-community
langchain-community==0.3.31
    # via -r requirements.txt
langchain-core==1.6.6
    # via
    #   -r requirements.txt
    #   langchain
    #   langchain-community
    #   langchain-ollama
    #   langchain-text-splitters
    #   langgraph
    #   langgraph-checkpoint
    #   langgraph-prebuilt
    #   langgraph-sdk
langchain-ollama==0.3.10
    # via -r requirements.txt
langchain-protocol==0.0.19
    # via
    #   langchain-core
    #   langgraph-sdk
langchain-text-splitters==1.1.3
    # via -r requirements.txt
langcodes==3.5.1
    # via wordfreq
langdetect==1.0.9
    # via -r requirements.txt
langgraph==1.2.12
    # via
    #   -r requirements.txt
    #   langchain
langgraph-checkpoint==4.2.0
    # via
    #   -r requirements.txt
    #   langgraph
    #   langgraph-prebuilt
langgraph-prebuilt==1.1.0
    # via langgraph
langgraph-sdk==0.4.5
    # via
    #   -r requirements.txt
    #   langgraph
langsmith==0.14.4
    # via
    #   langchain-community
    #   langchain-core
lazy-loader==0.6
    # via scikit-image
lettucedetect==0.2.3
    # via -r requirements.txt
lightrag-hku==1.5.7
    # via -r requirements.txt
limits==5.8.0
    # via slowapi
litellm==1.83.0
    # via dspy
locate==1.1.1
    # via wordfreq
lxml==6.1.3
    # via ir-datasets
lz4==4.4.5
    # via ir-datasets
magika==0.6.3
    # via markitdown
makefun==1.16.0
    # via fastapi-users
markdown-it-py==4.2.0
    # via rich
markdownify==1.2.3
    # via markitdown
markitdown==0.1.8
    # via -r requirements.txt
markupsafe==3.0.4
    # via jinja2
marshmallow==3.26.2
    # via dataclasses-json
mdurl==0.1.2
    # via markdown-it-py
mpmath==1.3.0
    # via sympy
msgpack==1.2.3
    # via wordfreq
multidict==6.9.1
    # via
    #   aiohttp
    #   yarl
multiprocess==0.70.19
    # via datasets
mutagen==1.48.1
    # via yt-dlp
mypy-extensions==1.1.0
    # via typing-inspect
nano-vectordb==0.0.4.3
    # via lightrag-hku
narwhals==2.26.0
    # via scikit-learn
neo4j==6.3.1
    # via -r requirements.txt
networkx==3.7
    # via
    #   lightrag-hku
    #   scikit-image
    #   torch
ninja==1.13.2
    # via easyocr
numpy==2.5.3
    # via
    #   -r requirements.txt
    #   accelerate
    #   datasets
    #   easyocr
    #   flashrank
    #   gptcache
    #   imageio
    #   ir-datasets
    #   langchain-community
    #   lettucedetect
    #   lightrag-hku
    #   magika
    #   nano-vectordb
    #   onnxruntime
    #   opencv-python-headless
    #   pandas
    #   peft
    #   qdrant-client
    #   scikit-image
    #   scikit-learn
    #   scipy
    #   shapely
    #   tifffile
    #   torchvision
    #   transformers
    #   turbovec
ollama==0.6.3
    # via langchain-ollama
onnxruntime==1.30.0
    # via
    #   flashrank
    #   magika
openai==3.3.0
    # via
    #   dspy
    #   instructor
    #   lettucedetect
    #   litellm
    #   rag-fact-checker
opencv-python-headless==5.0.0.93
    # via easyocr
openinference-instrumentation==0.1.70
    # via openinference-instrumentation-langchain
openinference-instrumentation-langchain==0.1.78
    # via -r requirements.txt
openinference-semantic-conventions==0.1.41
    # via
    #   openinference-instrumentation
    #   openinference-instrumentation-langchain
opentelemetry-api==1.45.0
    # via
    #   fastapi
    #   google-api-core
    #   openinference-instrumentation
    #   openinference-instrumentation-langchain
    #   opentelemetry-exporter-http-transport
    #   opentelemetry-exporter-otlp-proto-grpc
    #   opentelemetry-exporter-otlp-proto-http
    #   opentelemetry-instrumentation
    #   opentelemetry-instrumentation-asgi
    #   opentelemetry-instrumentation-fastapi
    #   opentelemetry-sdk
    #   opentelemetry-semantic-conventions
opentelemetry-exporter-http-transport==0.66b0
    # via opentelemetry-exporter-otlp-proto-http
opentelemetry-exporter-otlp==1.45.0
    # via -r requirements.txt
opentelemetry-exporter-otlp-common==0.66b0
    # via
    #   opentelemetry-exporter-otlp-proto-grpc
    #   opentelemetry-exporter-otlp-proto-http
opentelemetry-exporter-otlp-proto-common==1.45.0
    # via
    #   opentelemetry-exporter-otlp-proto-grpc
    #   opentelemetry-exporter-otlp-proto-http
opentelemetry-exporter-otlp-proto-grpc==1.45.0
    # via opentelemetry-exporter-otlp
opentelemetry-exporter-otlp-proto-http==1.45.0
    # via opentelemetry-exporter-otlp
opentelemetry-instrumentation==0.66b0
    # via
    #   openinference-instrumentation-langchain
    #   opentelemetry-instrumentation-asgi
    #   opentelemetry-instrumentation-fastapi
opentelemetry-instrumentation-asgi==0.66b0
    # via opentelemetry-instrumentation-fastapi
opentelemetry-instrumentation-fastapi==0.66b0
    # via -r requirements.txt
opentelemetry-proto==1.45.0
    # via
    #   opentelemetry-exporter-otlp-proto-common
    #   opentelemetry-exporter-otlp-proto-grpc
    #   opentelemetry-exporter-otlp-proto-http
opentelemetry-sdk==1.45.0
    # via
    #   -r requirements.txt
    #   openinference-instrumentation
    #   opentelemetry-exporter-otlp-common
    #   opentelemetry-exporter-otlp-proto-grpc
    #   opentelemetry-exporter-otlp-proto-http
opentelemetry-semantic-conventions==0.66b0
    # via
    #   openinference-instrumentation-langchain
    #   opentelemetry-instrumentation
    #   opentelemetry-instrumentation-asgi
    #   opentelemetry-instrumentation-fastapi
    #   opentelemetry-sdk
opentelemetry-util-http==0.66b0
    # via
    #   opentelemetry-instrumentation-asgi
    #   opentelemetry-instrumentation-fastapi
orjson==3.12.0
    # via
    #   dspy
    #   langgraph-sdk
    #   langsmith
ormsgpack==1.12.2
    # via langgraph-checkpoint
packaging==26.3
    # via
    #   accelerate
    #   datasets
    #   deprecation
    #   huggingface-hub
    #   kombu
    #   langchain-core
    #   langsmith
    #   lazy-loader
    #   lightrag-hku
    #   limits
    #   marshmallow
    #   onnxruntime
    #   opentelemetry-instrumentation
    #   peft
    #   pipmaster
    #   pytest
    #   scikit-image
    #   transformers
pandas==3.0.6
    # via
    #   datasets
    #   lightrag-hku
peft==0.21.2
    # via flagembedding
pillow==12.3.0
    # via
    #   -r requirements.txt
    #   easyocr
    #   imageio
    #   scikit-image
    #   sentence-transformers
    #   torchvision
pipmaster==1.1.13
    # via lightrag-hku
pluggy==1.6.0
    # via pytest
portalocker==3.2.0
    # via qdrant-client
postgrest==2.32.0
    # via supabase
prometheus-client==0.26.0
    # via -r requirements.txt
prompt-toolkit==3.0.53
    # via click-repl
propcache==0.5.4
    # via
    #   aiohttp
    #   yarl
proto-plus==1.29.0
    # via google-api-core
protobuf==7.36.2
    # via
    #   flagembedding
    #   google-api-core
    #   googleapis-common-protos
    #   onnxruntime
    #   opentelemetry-proto
    #   proto-plus
    #   qdrant-client
psutil==7.2.2
    # via
    #   accelerate
    #   peft
pwdlib==0.3.0
    # via fastapi-users
pyarrow==25.0.1
    # via
    #   -r requirements.txt
    #   datasets
pyasn1==0.6.4
    # via pyasn1-modules
pyasn1-modules==0.4.2
    # via google-auth
pyclipper==1.4.0
    # via easyocr
pycparser==3.0
    # via cffi
pycryptodomex==3.23.0
    # via yt-dlp
pydantic==2.13.5
    # via
    #   -r requirements.txt
    #   dspy
    #   fastapi
    #   google-genai
    #   instructor
    #   langchain
    #   langchain-core
    #   langgraph
    #   langsmith
    #   lightrag-hku
    #   litellm
    #   ollama
    #   openai
    #   postgrest
    #   pydantic-settings
    #   qdrant-client
    #   realtime
    #   storage3
    #   supabase-auth
pydantic-core==2.46.5
    # via
    #   instructor
    #   pydantic
pydantic-settings==2.15.0
    # via
    #   -r requirements.txt
    #   langchain-community
pygments==2.21.0
    # via
    #   pytest
    #   rich
pyjwt==2.15.1
    # via
    #   fastapi-users
    #   supabase-auth
pypdf==6.19.0
    # via -r requirements.txt
pypinyin==0.55.0
    # via lightrag-hku
pytest==8.4.2
    # via
    #   -r requirements.txt
    #   pytest-asyncio
pytest-asyncio==0.26.0
    # via -r requirements.txt
python-bidi==0.6.11
    # via easyocr
python-dateutil==2.9.0.post0
    # via
    #   celery
    #   pandas
python-dotenv==1.0.1
    # via
    #   -r requirements.txt
    #   lightrag-hku
    #   litellm
    #   magika
    #   pydantic-settings
    #   rag-fact-checker
    #   uvicorn
python-multipart==0.0.32
    # via fastapi-users
pytz==2026.4
    # via neo4j
pyyaml==6.0.3
    # via
    #   -r requirements.txt
    #   accelerate
    #   datasets
    #   easyocr
    #   huggingface-hub
    #   ir-datasets
    #   langchain-community
    #   langchain-core
    #   lightrag-hku
    #   peft
    #   transformers
    #   uvicorn
qdrant-client==1.18.0
    # via -r requirements.txt
rag-fact-checker==0.1.5
    # via lettucedetect
rapidfuzz==3.14.6
    # via -r requirements.txt
realtime==2.32.0
    # via supabase
redis==7.4.1
    # via -r requirements.txt
referencing==0.37.0
    # via
    #   jsonschema
    #   jsonschema-specifications
regex==2026.9.29
    # via
    #   dspy
    #   instructor
    #   tiktoken
    #   transformers
    #   wordfreq
requests==2.34.2
    # via
    #   -r requirements.txt
    #   datasets
    #   dspy
    #   flashrank
    #   google-api-core
    #   google-auth
    #   google-genai
    #   gptcache
    #   huggingface-hub
    #   instructor
    #   ir-datasets
    #   langchain-community
    #   langsmith
    #   markitdown
    #   requests-toolbelt
    #   tiktoken
    #   transformers
    #   youtube-transcript-api
    #   yt-dlp
requests-toolbelt==1.0.0
    # via langsmith
rich==14.3.4
    # via
    #   instructor
    #   typer
rpds-py==2026.6.3
    # via
    #   jsonschema
    #   referencing
safetensors==0.8.0
    # via
    #   accelerate
    #   peft
    #   transformers
scikit-image==0.26.0
    # via easyocr
scikit-learn==1.9.1
    # via
    #   -r requirements.txt
    #   lettucedetect
    #   sentence-transformers
scipy==1.18.1
    # via
    #   easyocr
    #   scikit-image
    #   scikit-learn
    #   sentence-transformers
sentence-transformers==3.4.1
    # via
    #   -r requirements.txt
    #   flagembedding
sentencepiece==0.2.2
    # via flagembedding
setuptools==84.0.0
    # via
    #   lightrag-hku
    #   torch
shapely==2.1.2
    # via easyocr
shellingham==1.5.4
    # via typer
six==1.17.0
    # via
    #   langdetect
    #   markdownify
    #   python-dateutil
slowapi==0.1.10
    # via -r requirements.txt
sniffio==1.3.1
    # via
    #   google-genai
    #   langsmith
    #   openai
soupsieve==2.10
    # via beautifulsoup4
sqlalchemy==2.0.54
    # via
    #   fastapi-users-db-sqlalchemy
    #   langchain-community
starlette==1.7.0
    # via
    #   -r requirements.txt
    #   fastapi
storage3==2.32.0
    # via supabase
strenum==0.4.15
    # via supabase-functions
supabase==2.32.0
    # via -r requirements.txt
supabase-auth==2.32.0
    # via supabase
supabase-functions==2.32.0
    # via supabase
sympy==1.14.0
    # via torch
tenacity==9.1.4
    # via
    #   dspy
    #   google-genai
    #   instructor
    #   langchain-community
    #   langchain-core
    #   lightrag-hku
threadpoolctl==3.7.0
    # via scikit-learn
tifffile==2026.9.20
    # via scikit-image
tiktoken==0.14.0
    # via
    #   lightrag-hku
    #   litellm
tokenizers==0.22.2
    # via
    #   flashrank
    #   litellm
    #   transformers
torch==2.14.1
    # via
    #   accelerate
    #   easyocr
    #   flagembedding
    #   lettucedetect
    #   peft
    #   sentence-transformers
    #   torchvision
torchvision==0.29.1
    # via easyocr
tqdm==4.70.1
    # via
    #   datasets
    #   dspy
    #   flashrank
    #   huggingface-hub
    #   ir-datasets
    #   lettucedetect
    #   peft
    #   sentence-transformers
    #   transformers
transformers==4.57.6
    # via
    #   -r requirements.txt
    #   flagembedding
    #   lettucedetect
    #   peft
    #   sentence-transformers
truststore==0.10.4
    # via
    #   httpcore2
    #   httpx2
turbovec==1.0.0
    # via -r requirements.txt
typer==0.27.2
    # via instructor
typing-extensions==4.16.0
    # via
    #   aiohttp
    #   aiosignal
    #   anyio
    #   beautifulsoup4
    #   click-repl
    #   fastapi
    #   google-genai
    #   grpcio
    #   httpx2
    #   huggingface-hub
    #   langchain-core
    #   langchain-protocol
    #   langsmith
    #   limits
    #   openai
    #   opentelemetry-api
    #   opentelemetry-exporter-otlp-proto-grpc
    #   opentelemetry-exporter-otlp-proto-http
    #   opentelemetry-sdk
    #   opentelemetry-semantic-conventions
    #   pydantic
    #   pydantic-core
    #   realtime
    #   referencing
    #   sqlalchemy
    #   starlette
    #   torch
    #   typing-inspect
    #   typing-inspection
typing-inspect==0.9.0
    # via dataclasses-json
typing-inspection==0.4.4
    # via
    #   fastapi
    #   pydantic
    #   pydantic-settings
tzdata==2026.5
    # via kombu
tzlocal==5.4.4
    # via
    #   apscheduler
    #   celery
urllib3==2.8.0
    # via
    #   instructor
    #   opentelemetry-exporter-http-transport
    #   qdrant-client
    #   requests
    #   yt-dlp
uuid-utils==0.17.1
    # via
    #   langchain-core
    #   langsmith
uvicorn==0.54.0
    # via -r requirements.txt
uvloop==0.23.0
    # via uvicorn
vine==5.1.0
    # via
    #   amqp
    #   celery
    #   kombu
watchfiles==1.3.0
    # via uvicorn
wcwidth==0.9.1
    # via
    #   ascii-colors
    #   ftfy
    #   prompt-toolkit
websockets==15.0.1
    # via
    #   google-genai
    #   langgraph-sdk
    #   langsmith
    #   realtime
    #   uvicorn
    #   yt-dlp
wordfreq==3.1.1
    # via -r requirements.txt
wrapt==2.5.0
    # via
    #   deprecated
    #   openinference-instrumentation
    #   openinference-instrumentation-langchain
    #   opentelemetry-instrumentation
xlsxwriter==3.2.9
    # via lightrag-hku
xxhash==4.0.1
    # via
    #   datasets
    #   langgraph
    #   langsmith
yarl==1.25.1
    # via
    #   aiohttp
    #   postgrest
    #   storage3
    #   supabase
    #   supabase-functions
youtube-transcript-api==1.2.4
    # via -r requirements.txt
yt-dlp==2026.8.19
    # via -r requirements.txt
yt-dlp-ejs==0.8.0
    # via yt-dlp
zipp==4.1.1
    # via importlib-metadata
zstandard==0.25.0
    # via langsmith
